
Microsoft Visual Studio Solution File, Format Version 12.00
# Visual Studio Version 16
VisualStudioVersion = 16.0.30413.136
MinimumVisualStudioVersion = 10.0.40219.1
Project("{9A19103F-16F7-4668-BE54-9A1E7A4F7556}") = "HelloWorld", "hello-world\HelloWorld.csproj", "{C461ED8A-7198-440D-BA63-113C6484891F}"
EndProject
Project("{9A19103F-16F7-4668-BE54-9A1E7A4F7556}") = "ResistorColor", "resistor-color\ResistorColor.csproj", "{C6F142E5-6698-4805-98B1-E32D97A049E8}"
EndProject
Project("{9A19103F-16F7-4668-BE54-9A1E7A4F7556}") = "TwoFer", "two-fer\TwoFer.csproj", "{FAA9ED72-D9FA-4B49-BFEC-D2A62F5B4414}"
EndProject
Project("{9A19103F-16F7-4668-BE54-9A1E7A4F7556}") = "Leap", "leap\Leap.csproj", "{C1C7F7F1-4880-461D-ADBE-8C4322B613FE}"
EndProject
Project("{9A19103F-16F7-4668-BE54-9A1E7A4F7556}") = "Gigasecond", "gigasecond\Gigasecond.csproj", "{9D800ED0-248C-46BF-80D4-165CDDD0305D}"
EndProject
Project("{9A19103F-16F7-4668-BE54-9A1E7A4F7556}") = "SpaceAge", "space-age\SpaceAge.csproj", "{C8813A12-DA5D-462E-886F-2EEF5E54CF64}"
EndProject
Project("{9A19103F-16F7-4668-BE54-9A1E7A4F7556}") = "HighScores", "high-scores\HighScores.csproj", "{692E0061-D6A7-408E-824B-8956E33DB70E}"
EndProject
Project("{9A19103F-16F7-4668-BE54-9A1E7A4F7556}") = "trashCode", "trashCode\trashCode.csproj", "{20CC13D1-CF84-4ABF-9599-032C448BC81B}"
EndProject
Project("{9A19103F-16F7-4668-BE54-9A1E7A4F7556}") = "Hamming", "hamming\Hamming.csproj", "{23BFF0F0-A371-4C45-9237-FFC6883B400F}"
EndProject
Project("{9A19103F-16F7-4668-BE54-9A1E7A4F7556}") = "NucleotideCount", "nucleotide-count\NucleotideCount.csproj", "{0DF207E9-C13D-45AF-99FC-FC4A79E4B029}"
EndProject
Project("{9A19103F-16F7-4668-BE54-9A1E7A4F7556}") = "RobotName", "robot-name\RobotName.csproj", "{8894F5F5-D4E5-4180-B50A-05FF92DACD12}"
EndProject
Project("{9A19103F-16F7-4668-BE54-9A1E7A4F7556}") = "Allergies", "allergies\Allergies.csproj", "{7252335C-8223-4A87-9673-79887C13E2FF}"
EndProject
Project("{9A19103F-16F7-4668-BE54-9A1E7A4F7556}") = "GradeSchool", "grade-school\GradeSchool.csproj", "{70554667-6CB2-4699-A664-3CA8D6DC30C6}"
EndProject
Project("{9A19103F-16F7-4668-BE54-9A1E7A4F7556}") = "RotationalCipher", "rotational-cipher\RotationalCipher.csproj", "{FD5AB844-F9DD-4020-BD91-BF043D72958A}"
EndProject
Project("{9A19103F-16F7-4668-BE54-9A1E7A4F7556}") = "CircularBuffer", "circular-buffer\CircularBuffer.csproj", "{D52D6880-4A46-4826-93B9-74358532C7EE}"
EndProject
Project("{9A19103F-16F7-4668-BE54-9A1E7A4F7556}") = "Clock", "clock\Clock.csproj", "{E81B09CA-D935-4A07-9D1E-484C04693B92}"
EndProject
Project("{9A19103F-16F7-4668-BE54-9A1E7A4F7556}") = "Bob", "bob\Bob.csproj", "{25F0A74F-C03F-433A-AEE1-E7CFFC2DACAA}"
EndProject
Project("{9A19103F-16F7-4668-BE54-9A1E7A4F7556}") = "MatchingBrackets", "matching-brackets\MatchingBrackets.csproj", "{0FC8785F-A8AC-46CD-A7DF-DBFD7AF6209A}"
EndProject
Project("{9A19103F-16F7-4668-BE54-9A1E7A4F7556}") = "ReverseString", "reverse-string\ReverseString.csproj", "{00C2755A-5CAA-4ED3-B435-4D082B34CCE5}"
EndProject
Project("{9A19103F-16F7-4668-BE54-9A1E7A4F7556}") = "SumOfMultiples", "sum-of-multiples\SumOfMultiples.csproj", "{F69690D1-414B-498A-8F69-C4BB878C1990}"
EndProject
Project("{9A19103F-16F7-4668-BE54-9A1E7A4F7556}") = "Series", "series\Series.csproj", "{A26CB951-6324-4A1A-B6E0-7A8D1974041D}"
EndProject
Project("{9A19103F-16F7-4668-BE54-9A1E7A4F7556}") = "Accumulate", "accumulate\Accumulate.csproj", "{8EB0DB3B-4F23-4342-AE22-CD1E3907C57D}"
EndProject
Project("{9A19103F-16F7-4668-BE54-9A1E7A4F7556}") = "CollatzConjecture", "collatz-conjecture\CollatzConjecture.csproj", "{5A4F7BAB-1846-4761-BCFC-467A31E7D0FD}"
EndProject
Project("{9A19103F-16F7-4668-BE54-9A1E7A4F7556}") = "ArmstrongNumbers", "armstrong-numbers\ArmstrongNumbers.csproj", "{A77F6458-806D-4F25-9C01-98C597749045}"
EndProject
Project("{9A19103F-16F7-4668-BE54-9A1E7A4F7556}") = "RnaTranscription", "rna-transcription\RnaTranscription.csproj", "{7B919386-6961-41F7-99D7-04870E0BCBC7}"
EndProject
Project("{9A19103F-16F7-4668-BE54-9A1E7A4F7556}") = "DifferenceOfSquares", "difference-of-squares\DifferenceOfSquares.csproj", "{4C28B561-C461-48CD-A391-66FA04040F2C}"
EndProject
Project("{9A19103F-16F7-4668-BE54-9A1E7A4F7556}") = "Grains", "grains\Grains.csproj", "{825720FB-B62A-4C49-A786-D9220B522167}"
EndProject
Global
	GlobalSection(SolutionConfigurationPlatforms) = preSolution
		Debug|Any CPU = Debug|Any CPU
		Release|Any CPU = Release|Any CPU
	EndGlobalSection
	GlobalSection(ProjectConfigurationPlatforms) = postSolution
		{C461ED8A-7198-440D-BA63-113C6484891F}.Debug|Any CPU.ActiveCfg = Debug|Any CPU
		{C461ED8A-7198-440D-BA63-113C6484891F}.Debug|Any CPU.Build.0 = Debug|Any CPU
		{C461ED8A-7198-440D-BA63-113C6484891F}.Release|Any CPU.ActiveCfg = Release|Any CPU
		{C461ED8A-7198-440D-BA63-113C6484891F}.Release|Any CPU.Build.0 = Release|Any CPU
		{C6F142E5-6698-4805-98B1-E32D97A049E8}.Debug|Any CPU.ActiveCfg = Debug|Any CPU
		{C6F142E5-6698-4805-98B1-E32D97A049E8}.Debug|Any CPU.Build.0 = Debug|Any CPU
		{C6F142E5-6698-4805-98B1-E32D97A049E8}.Release|Any CPU.ActiveCfg = Release|Any CPU
		{C6F142E5-6698-4805-98B1-E32D97A049E8}.Release|Any CPU.Build.0 = Release|Any CPU
		{FAA9ED72-D9FA-4B49-BFEC-D2A62F5B4414}.Debug|Any CPU.ActiveCfg = Debug|Any CPU
		{FAA9ED72-D9FA-4B49-BFEC-D2A62F5B4414}.Debug|Any CPU.Build.0 = Debug|Any CPU
		{FAA9ED72-D9FA-4B49-BFEC-D2A62F5B4414}.Release|Any CPU.ActiveCfg = Release|Any CPU
		{FAA9ED72-D9FA-4B49-BFEC-D2A62F5B4414}.Release|Any CPU.Build.0 = Release|Any CPU
		{C1C7F7F1-4880-461D-ADBE-8C4322B613FE}.Debug|Any CPU.ActiveCfg = Debug|Any CPU
		{C1C7F7F1-4880-461D-ADBE-8C4322B613FE}.Debug|Any CPU.Build.0 = Debug|Any CPU
		{C1C7F7F1-4880-461D-ADBE-8C4322B613FE}.Release|Any CPU.ActiveCfg = Release|Any CPU
		{C1C7F7F1-4880-461D-ADBE-8C4322B613FE}.Release|Any CPU.Build.0 = Release|Any CPU
		{9D800ED0-248C-46BF-80D4-165CDDD0305D}.Debug|Any CPU.ActiveCfg = Debug|Any CPU
		{9D800ED0-248C-46BF-80D4-165CDDD0305D}.Debug|Any CPU.Build.0 = Debug|Any CPU
		{9D800ED0-248C-46BF-80D4-165CDDD0305D}.Release|Any CPU.ActiveCfg = Release|Any CPU
		{9D800ED0-248C-46BF-80D4-165CDDD0305D}.Release|Any CPU.Build.0 = Release|Any CPU
		{C8813A12-DA5D-462E-886F-2EEF5E54CF64}.Debug|Any CPU.ActiveCfg = Debug|Any CPU
		{C8813A12-DA5D-462E-886F-2EEF5E54CF64}.Debug|Any CPU.Build.0 = Debug|Any CPU
		{C8813A12-DA5D-462E-886F-2EEF5E54CF64}.Release|Any CPU.ActiveCfg = Release|Any CPU
		{C8813A12-DA5D-462E-886F-2EEF5E54CF64}.Release|Any CPU.Build.0 = Release|Any CPU
		{692E0061-D6A7-408E-824B-8956E33DB70E}.Debug|Any CPU.ActiveCfg = Debug|Any CPU
		{692E0061-D6A7-408E-824B-8956E33DB70E}.Debug|Any CPU.Build.0 = Debug|Any CPU
		{692E0061-D6A7-408E-824B-8956E33DB70E}.Release|Any CPU.ActiveCfg = Release|Any CPU
		{692E0061-D6A7-408E-824B-8956E33DB70E}.Release|Any CPU.Build.0 = Release|Any CPU
		{20CC13D1-CF84-4ABF-9599-032C448BC81B}.Debug|Any CPU.ActiveCfg = Debug|Any CPU
		{20CC13D1-CF84-4ABF-9599-032C448BC81B}.Debug|Any CPU.Build.0 = Debug|Any CPU
		{20CC13D1-CF84-4ABF-9599-032C448BC81B}.Release|Any CPU.ActiveCfg = Release|Any CPU
		{20CC13D1-CF84-4ABF-9599-032C448BC81B}.Release|Any CPU.Build.0 = Release|Any CPU
		{23BFF0F0-A371-4C45-9237-FFC6883B400F}.Debug|Any CPU.ActiveCfg = Debug|Any CPU
		{23BFF0F0-A371-4C45-9237-FFC6883B400F}.Debug|Any CPU.Build.0 = Debug|Any CPU
		{23BFF0F0-A371-4C45-9237-FFC6883B400F}.Release|Any CPU.ActiveCfg = Release|Any CPU
		{23BFF0F0-A371-4C45-9237-FFC6883B400F}.Release|Any CPU.Build.0 = Release|Any CPU
		{0DF207E9-C13D-45AF-99FC-FC4A79E4B029}.Debug|Any CPU.ActiveCfg = Debug|Any CPU
		{0DF207E9-C13D-45AF-99FC-FC4A79E4B029}.Debug|Any CPU.Build.0 = Debug|Any CPU
		{0DF207E9-C13D-45AF-99FC-FC4A79E4B029}.Release|Any CPU.ActiveCfg = Release|Any CPU
		{0DF207E9-C13D-45AF-99FC-FC4A79E4B029}.Release|Any CPU.Build.0 = Release|Any CPU
		{8894F5F5-D4E5-4180-B50A-05FF92DACD12}.Debug|Any CPU.ActiveCfg = Debug|Any CPU
		{8894F5F5-D4E5-4180-B50A-05FF92DACD12}.Debug|Any CPU.Build.0 = Debug|Any CPU
		{8894F5F5-D4E5-4180-B50A-05FF92DACD12}.Release|Any CPU.ActiveCfg = Release|Any CPU
		{8894F5F5-D4E5-4180-B50A-05FF92DACD12}.Release|Any CPU.Build.0 = Release|Any CPU
		{7252335C-8223-4A87-9673-79887C13E2FF}.Debug|Any CPU.ActiveCfg = Debug|Any CPU
		{7252335C-8223-4A87-9673-79887C13E2FF}.Debug|Any CPU.Build.0 = Debug|Any CPU
		{7252335C-8223-4A87-9673-79887C13E2FF}.Release|Any CPU.ActiveCfg = Release|Any CPU
		{7252335C-8223-4A87-9673-79887C13E2FF}.Release|Any CPU.Build.0 = Release|Any CPU
		{70554667-6CB2-4699-A664-3CA8D6DC30C6}.Debug|Any CPU.ActiveCfg = Debug|Any CPU
		{70554667-6CB2-4699-A664-3CA8D6DC30C6}.Debug|Any CPU.Build.0 = Debug|Any CPU
		{70554667-6CB2-4699-A664-3CA8D6DC30C6}.Release|Any CPU.ActiveCfg = Release|Any CPU
		{70554667-6CB2-4699-A664-3CA8D6DC30C6}.Release|Any CPU.Build.0 = Release|Any CPU
		{FD5AB844-F9DD-4020-BD91-BF043D72958A}.Debug|Any CPU.ActiveCfg = Debug|Any CPU
		{FD5AB844-F9DD-4020-BD91-BF043D72958A}.Debug|Any CPU.Build.0 = Debug|Any CPU
		{FD5AB844-F9DD-4020-BD91-BF043D72958A}.Release|Any CPU.ActiveCfg = Release|Any CPU
		{FD5AB844-F9DD-4020-BD91-BF043D72958A}.Release|Any CPU.Build.0 = Release|Any CPU
		{D52D6880-4A46-4826-93B9-74358532C7EE}.Debug|Any CPU.ActiveCfg = Debug|Any CPU
		{D52D6880-4A46-4826-93B9-74358532C7EE}.Debug|Any CPU.Build.0 = Debug|Any CPU
		{D52D6880-4A46-4826-93B9-74358532C7EE}.Release|Any CPU.ActiveCfg = Release|Any CPU
		{D52D6880-4A46-4826-93B9-74358532C7EE}.Release|Any CPU.Build.0 = Release|Any CPU
		{E81B09CA-D935-4A07-9D1E-484C04693B92}.Debug|Any CPU.ActiveCfg = Debug|Any CPU
		{E81B09CA-D935-4A07-9D1E-484C04693B92}.Debug|Any CPU.Build.0 = Debug|Any CPU
		{E81B09CA-D935-4A07-9D1E-484C04693B92}.Release|Any CPU.ActiveCfg = Release|Any CPU
		{E81B09CA-D935-4A07-9D1E-484C04693B92}.Release|Any CPU.Build.0 = Release|Any CPU
		{25F0A74F-C03F-433A-AEE1-E7CFFC2DACAA}.Debug|Any CPU.ActiveCfg = Debug|Any CPU
		{25F0A74F-C03F-433A-AEE1-E7CFFC2DACAA}.Debug|Any CPU.Build.0 = Debug|Any CPU
		{25F0A74F-C03F-433A-AEE1-E7CFFC2DACAA}.Release|Any CPU.ActiveCfg = Release|Any CPU
		{25F0A74F-C03F-433A-AEE1-E7CFFC2DACAA}.Release|Any CPU.Build.0 = Release|Any CPU
		{0FC8785F-A8AC-46CD-A7DF-DBFD7AF6209A}.Debug|Any CPU.ActiveCfg = Debug|Any CPU
		{0FC8785F-A8AC-46CD-A7DF-DBFD7AF6209A}.Debug|Any CPU.Build.0 = Debug|Any CPU
		{0FC8785F-A8AC-46CD-A7DF-DBFD7AF6209A}.Release|Any CPU.ActiveCfg = Release|Any CPU
		{0FC8785F-A8AC-46CD-A7DF-DBFD7AF6209A}.Release|Any CPU.Build.0 = Release|Any CPU
		{00C2755A-5CAA-4ED3-B435-4D082B34CCE5}.Debug|Any CPU.ActiveCfg = Debug|Any CPU
		{00C2755A-5CAA-4ED3-B435-4D082B34CCE5}.Debug|Any CPU.Build.0 = Debug|Any CPU
		{00C2755A-5CAA-4ED3-B435-4D082B34CCE5}.Release|Any CPU.ActiveCfg = Release|Any CPU
		{00C2755A-5CAA-4ED3-B435-4D082B34CCE5}.Release|Any CPU.Build.0 = Release|Any CPU
		{F69690D1-414B-498A-8F69-C4BB878C1990}.Debug|Any CPU.ActiveCfg = Debug|Any CPU
		{F69690D1-414B-498A-8F69-C4BB878C1990}.Debug|Any CPU.Build.0 = Debug|Any CPU
		{F69690D1-414B-498A-8F69-C4BB878C1990}.Release|Any CPU.ActiveCfg = Release|Any CPU
		{F69690D1-414B-498A-8F69-C4BB878C1990}.Release|Any CPU.Build.0 = Release|Any CPU
		{A26CB951-6324-4A1A-B6E0-7A8D1974041D}.Debug|Any CPU.ActiveCfg = Debug|Any CPU
		{A26CB951-6324-4A1A-B6E0-7A8D1974041D}.Debug|Any CPU.Build.0 = Debug|Any CPU
		{A26CB951-6324-4A1A-B6E0-7A8D1974041D}.Release|Any CPU.ActiveCfg = Release|Any CPU
		{A26CB951-6324-4A1A-B6E0-7A8D1974041D}.Release|Any CPU.Build.0 = Release|Any CPU
		{8EB0DB3B-4F23-4342-AE22-CD1E3907C57D}.Debug|Any CPU.ActiveCfg = Debug|Any CPU
		{8EB0DB3B-4F23-4342-AE22-CD1E3907C57D}.Debug|Any CPU.Build.0 = Debug|Any CPU
		{8EB0DB3B-4F23-4342-AE22-CD1E3907C57D}.Release|Any CPU.ActiveCfg = Release|Any CPU
		{8EB0DB3B-4F23-4342-AE22-CD1E3907C57D}.Release|Any CPU.Build.0 = Release|Any CPU
		{5A4F7BAB-1846-4761-BCFC-467A31E7D0FD}.Debug|Any CPU.ActiveCfg = Debug|Any CPU
		{5A4F7BAB-1846-4761-BCFC-467A31E7D0FD}.Debug|Any CPU.Build.0 = Debug|Any CPU
		{5A4F7BAB-1846-4761-BCFC-467A31E7D0FD}.Release|Any CPU.ActiveCfg = Release|Any CPU
		{5A4F7BAB-1846-4761-BCFC-467A31E7D0FD}.Release|Any CPU.Build.0 = Release|Any CPU
		{A77F6458-806D-4F25-9C01-98C597749045}.Debug|Any CPU.ActiveCfg = Debug|Any CPU
		{A77F6458-806D-4F25-9C01-98C597749045}.Debug|Any CPU.Build.0 = Debug|Any CPU
		{A77F6458-806D-4F25-9C01-98C597749045}.Release|Any CPU.ActiveCfg = Release|Any CPU
		{A77F6458-806D-4F25-9C01-98C597749045}.Release|Any CPU.Build.0 = Release|Any CPU
		{7B919386-6961-41F7-99D7-04870E0BCBC7}.Debug|Any CPU.ActiveCfg = Debug|Any CPU
		{7B919386-6961-41F7-99D7-04870E0BCBC7}.Debug|Any CPU.Build.0 = Debug|Any CPU
		{7B919386-6961-41F7-99D7-04870E0BCBC7}.Release|Any CPU.ActiveCfg = Release|Any CPU
		{7B919386-6961-41F7-99D7-04870E0BCBC7}.Release|Any CPU.Build.0 = Release|Any CPU
		{4C28B561-C461-48CD-A391-66FA04040F2C}.Debug|Any CPU.ActiveCfg = Debug|Any CPU
		{4C28B561-C461-48CD-A391-66FA04040F2C}.Debug|Any CPU.Build.0 = Debug|Any CPU
		{4C28B561-C461-48CD-A391-66FA04040F2C}.Release|Any CPU.ActiveCfg = Release|Any CPU
		{4C28B561-C461-48CD-A391-66FA04040F2C}.Release|Any CPU.Build.0 = Release|Any CPU
		{825720FB-B62A-4C49-A786-D9220B522167}.Debug|Any CPU.ActiveCfg = Debug|Any CPU
		{825720FB-B62A-4C49-A786-D9220B522167}.Debug|Any CPU.Build.0 = Debug|Any CPU
		{825720FB-B62A-4C49-A786-D9220B522167}.Release|Any CPU.ActiveCfg = Release|Any CPU
		{825720FB-B62A-4C49-A786-D9220B522167}.Release|Any CPU.Build.0 = Release|Any CPU
	EndGlobalSection
	GlobalSection(SolutionProperties) = preSolution
		HideSolutionNode = FALSE
	EndGlobalSection
	GlobalSection(ExtensibilityGlobals) = postSolution
		SolutionGuid = {8EF4517F-8247-4B4E-93EE-45C8290C2ECE}
	EndGlobalSection
EndGlobal
