
Microsoft Visual Studio Solution File, Format Version 12.00
# Visual Studio Version 16
VisualStudioVersion = 16.0.30413.136
MinimumVisualStudioVersion = 10.0.40219.1
Project("{9A19103F-16F7-4668-BE54-9A1E7A4F7556}") = "HelloWorld", "hello-world\HelloWorld.csproj", "{C461ED8A-7198-440D-BA63-113C6484891F}"
EndProject
Project("{9A19103F-16F7-4668-BE54-9A1E7A4F7556}") = "ResistorColor", "resistor-color\ResistorColor.csproj", "{C6F142E5-6698-4805-98B1-E32D97A049E8}"
EndProject
Project("{9A19103F-16F7-4668-BE54-9A1E7A4F7556}") = "TwoFer", "two-fer\TwoFer.csproj", "{FAA9ED72-D9FA-4B49-BFEC-D2A62F5B4414}"
EndProject
Project("{9A19103F-16F7-4668-BE54-9A1E7A4F7556}") = "Leap", "leap\Leap.csproj", "{C1C7F7F1-4880-461D-ADBE-8C4322B613FE}"
EndProject
Project("{9A19103F-16F7-4668-BE54-9A1E7A4F7556}") = "Gigasecond", "gigasecond\Gigasecond.csproj", "{9D800ED0-248C-46BF-80D4-165CDDD0305D}"
EndProject
Project("{9A19103F-16F7-4668-BE54-9A1E7A4F7556}") = "SpaceAge", "space-age\SpaceAge.csproj", "{C8813A12-DA5D-462E-886F-2EEF5E54CF64}"
EndProject
Project("{9A19103F-16F7-4668-BE54-9A1E7A4F7556}") = "HighScores", "high-scores\HighScores.csproj", "{692E0061-D6A7-408E-824B-8956E33DB70E}"
EndProject
Project("{9A19103F-16F7-4668-BE54-9A1E7A4F7556}") = "trashCode", "trashCode\trashCode.csproj", "{20CC13D1-CF84-4ABF-9599-032C448BC81B}"
EndProject
Project("{9A19103F-16F7-4668-BE54-9A1E7A4F7556}") = "Hamming", "hamming\Hamming.csproj", "{23BFF0F0-A371-4C45-9237-FFC6883B400F}"
EndProject
Project("{9A19103F-16F7-4668-BE54-9A1E7A4F7556}") = "NucleotideCount", "nucleotide-count\NucleotideCount.csproj", "{0DF207E9-C13D-45AF-99FC-FC4A79E4B029}"
EndProject
Project("{9A19103F-16F7-4668-BE54-9A1E7A4F7556}") = "RobotName", "robot-name\RobotName.csproj", "{8894F5F5-D4E5-4180-B50A-05FF92DACD12}"
EndProject
Project("{9A19103F-16F7-4668-BE54-9A1E7A4F7556}") = "Allergies", "allergies\Allergies.csproj", "{7252335C-8223-4A87-9673-79887C13E2FF}"
EndProject
Project("{9A19103F-16F7-4668-BE54-9A1E7A4F7556}") = "GradeSchool", "grade-school\GradeSchool.csproj", "{70554667-6CB2-4699-A664-3CA8D6DC30C6}"
EndProject
Project("{9A19103F-16F7-4668-BE54-9A1E7A4F7556}") = "RotationalCipher", "rotational-cipher\RotationalCipher.csproj", "{FD5AB844-F9DD-4020-BD91-BF043D72958A}"
EndProject
Project("{9A19103F-16F7-4668-BE54-9A1E7A4F7556}") = "CircularBuffer", "circular-buffer\CircularBuffer.csproj", "{D52D6880-4A46-4826-93B9-74358532C7EE}"
EndProject
Project("{9A19103F-16F7-4668-BE54-9A1E7A4F7556}") = "Clock", "clock\Clock.csproj", "{E81B09CA-D935-4A07-9D1E-484C04693B92}"
EndProject
Project("{9A19103F-16F7-4668-BE54-9A1E7A4F7556}") = "Bob", "bob\Bob.csproj", "{25F0A74F-C03F-433A-AEE1-E7CFFC2DACAA}"
EndProject
Project("{9A19103F-16F7-4668-BE54-9A1E7A4F7556}") = "MatchingBrackets", "matching-brackets\MatchingBrackets.csproj", "{0FC8785F-A8AC-46CD-A7DF-DBFD7AF6209A}"
EndProject
Project("{9A19103F-16F7-4668-BE54-9A1E7A4F7556}") = "ReverseString", "reverse-string\ReverseString.csproj", "{00C2755A-5CAA-4ED3-B435-4D082B34CCE5}"
EndProject
Project("{9A19103F-16F7-4668-BE54-9A1E7A4F7556}") = "SumOfMultiples", "sum-of-multiples\SumOfMultiples.csproj", "{F69690D1-414B-498A-8F69-C4BB878C1990}"
EndProject
Project("{9A19103F-16F7-4668-BE54-9A1E7A4F7556}") = "Series", "series\Series.csproj", "{A26CB951-6324-4A1A-B6E0-7A8D1974041D}"
EndProject
Project("{9A19103F-16F7-4668-BE54-9A1E7A4F7556}") = "Accumulate", "accumulate\Accumulate.csproj", "{8EB0DB3B-4F23-4342-AE22-CD1E3907C57D}"
EndProject
Project("{9A19103F-16F7-4668-BE54-9A1E7A4F7556}") = "CollatzConjecture", "collatz-conjecture\CollatzConjecture.csproj", "{5A4F7BAB-1846-4761-BCFC-467A31E7D0FD}"
EndProject
Project("{9A19103F-16F7-4668-BE54-9A1E7A4F7556}") = "ArmstrongNumbers", "armstrong-numbers\ArmstrongNumbers.csproj", "{A77F6458-806D-4F25-9C01-98C597749045}"
EndProject
Project("{9A19103F-16F7-4668-BE54-9A1E7A4F7556}") = "RnaTranscription", "rna-transcription\RnaTranscription.csproj", "{7B919386-6961-41F7-99D7-04870E0BCBC7}"
EndProject
Project("{9A19103F-16F7-4668-BE54-9A1E7A4F7556}") = "DifferenceOfSquares", "difference-of-squares\DifferenceOfSquares.csproj", "{4C28B561-C461-48CD-A391-66FA04040F2C}"
EndProject
Project("{9A19103F-16F7-4668-BE54-9A1E7A4F7556}") = "Grains", "grains\Grains.csproj", "{825720FB-B62A-4C49-A786-D9220B522167}"
EndProject
Project("{9A19103F-16F7-4668-BE54-9A1E7A4F7556}") = "Pangram", "pangram\Pangram.csproj", "{4512124D-31B8-4D1B-BD38-9788AD92DBF5}"
EndProject
Project("{9A19103F-16F7-4668-BE54-9A1E7A4F7556}") = "Etl", "etl\Etl.csproj", "{BF5D4A1B-AC11-4FA1-A0E5-3AB6569107DD}"
EndProject
Project("{9A19103F-16F7-4668-BE54-9A1E7A4F7556}") = "Raindrops", "raindrops\Raindrops.csproj", "{3BB063AF-4833-4907-85C9-D022AF905966}"
EndProject
Project("{9A19103F-16F7-4668-BE54-9A1E7A4F7556}") = "BinarySearch", "binary-search\BinarySearch.csproj", "{D143091D-CE87-4130-9AB5-1D7C5461C02B}"
EndProject
Project("{9A19103F-16F7-4668-BE54-9A1E7A4F7556}") = "PhoneNumber", "phone-number\PhoneNumber.csproj", "{E7CF36BE-1C15-4A48-96A1-430AA5B1FDFC}"
EndProject
Project("{9A19103F-16F7-4668-BE54-9A1E7A4F7556}") = "Strain", "strain\Strain.csproj", "{C9751670-B61F-4CCF-A3EC-B9A704FC92D5}"
EndProject
Project("{9A19103F-16F7-4668-BE54-9A1E7A4F7556}") = "ScrabbleScore", "scrabble-score\ScrabbleScore.csproj", "{7D15DED8-700C-4A98-802F-F827C7D0C3C8}"
EndProject
Project("{9A19103F-16F7-4668-BE54-9A1E7A4F7556}") = "Proverb", "proverb\Proverb.csproj", "{37F4A85C-F83B-458B-9F47-9D9C4206E9E1}"
EndProject
Project("{9A19103F-16F7-4668-BE54-9A1E7A4F7556}") = "ProteinTranslation", "protein-translation\ProteinTranslation.csproj", "{89D7B02E-0D40-4925-8271-E8D39A22E8CF}"
EndProject
Project("{9A19103F-16F7-4668-BE54-9A1E7A4F7556}") = "ErrorHandling", "error-handling\ErrorHandling.csproj", "{0C9BA73B-C595-4B3A-B426-A1901657FC0E}"
EndProject
Project("{9A19103F-16F7-4668-BE54-9A1E7A4F7556}") = "PerfectNumbers", "perfect-numbers\PerfectNumbers.csproj", "{755E87C6-F2B4-4112-8D5E-795388AF9A57}"
EndProject
Project("{9A19103F-16F7-4668-BE54-9A1E7A4F7556}") = "Triangle", "triangle\Triangle.csproj", "{4D1FF93C-D969-41C7-9B08-CD1A8727760F}"
EndProject
Project("{9A19103F-16F7-4668-BE54-9A1E7A4F7556}") = "BeerSong", "beer-song\BeerSong.csproj", "{F073A4B1-4945-4550-9D47-5E502F9922AF}"
EndProject
Project("{9A19103F-16F7-4668-BE54-9A1E7A4F7556}") = "Sieve", "sieve\Sieve.csproj", "{4B2BBD23-22A0-4F71-B570-C5D8B6746EA7}"
EndProject
Project("{9A19103F-16F7-4668-BE54-9A1E7A4F7556}") = "QueenAttack", "queen-attack\QueenAttack.csproj", "{7B4E5FD3-3025-4971-BDF0-34B8DC0A4C7D}"
EndProject
Project("{9A19103F-16F7-4668-BE54-9A1E7A4F7556}") = "RobotSimulator", "robot-simulator\RobotSimulator.csproj", "{BAD8DF3D-BC22-4319-AE8F-D38E56C3B45A}"
EndProject
Project("{9A19103F-16F7-4668-BE54-9A1E7A4F7556}") = "Isogram", "isogram\Isogram.csproj", "{33386B0F-24C2-40B8-B7D4-0F4EF19D85EE}"
EndProject
Project("{9A19103F-16F7-4668-BE54-9A1E7A4F7556}") = "SecretHandshake", "secret-handshake\SecretHandshake.csproj", "{6FA5611A-265F-43A4-B0D4-286E76658E8F}"
EndProject
Project("{9A19103F-16F7-4668-BE54-9A1E7A4F7556}") = "KindergartenGarden", "kindergarten-garden\KindergartenGarden.csproj", "{59290A4F-0FB4-4666-B6FE-AB98EB91B5AA}"
EndProject
Project("{9A19103F-16F7-4668-BE54-9A1E7A4F7556}") = "Darts", "darts\Darts.csproj", "{4A98FB49-FEBC-43CA-9AF0-EB1A12FCD0A8}"
EndProject
Project("{9A19103F-16F7-4668-BE54-9A1E7A4F7556}") = "DndCharacter", "dnd-character\DndCharacter.csproj", "{4552F737-F482-4FAF-89F2-4F7E889C18C1}"
EndProject
Project("{9A19103F-16F7-4668-BE54-9A1E7A4F7556}") = "SpiralMatrix", "spiral-matrix\SpiralMatrix.csproj", "{E00B074E-F307-420A-B8FE-A890F9DBBC1A}"
EndProject
Project("{9A19103F-16F7-4668-BE54-9A1E7A4F7556}") = "Tournament", "tournament\Tournament.csproj", "{E6D6C9D0-DA1A-49B8-8154-8B8561B891A4}"
EndProject
Project("{9A19103F-16F7-4668-BE54-9A1E7A4F7556}") = "VariableLengthQuantity", "variable-length-quantity\VariableLengthQuantity.csproj", "{1A44A201-D549-4891-9282-EFD3398AE853}"
EndProject
Project("{9A19103F-16F7-4668-BE54-9A1E7A4F7556}") = "RationalNumbers", "rational-numbers\RationalNumbers.csproj", "{0B1DE5F4-CBE5-4A25-92BD-371BB662F11D}"
EndProject
Global
	GlobalSection(SolutionConfigurationPlatforms) = preSolution
		Debug|Any CPU = Debug|Any CPU
		Release|Any CPU = Release|Any CPU
	EndGlobalSection
	GlobalSection(ProjectConfigurationPlatforms) = postSolution
		{C461ED8A-7198-440D-BA63-113C6484891F}.Debug|Any CPU.ActiveCfg = Debug|Any CPU
		{C461ED8A-7198-440D-BA63-113C6484891F}.Debug|Any CPU.Build.0 = Debug|Any CPU
		{C461ED8A-7198-440D-BA63-113C6484891F}.Release|Any CPU.ActiveCfg = Release|Any CPU
		{C461ED8A-7198-440D-BA63-113C6484891F}.Release|Any CPU.Build.0 = Release|Any CPU
		{C6F142E5-6698-4805-98B1-E32D97A049E8}.Debug|Any CPU.ActiveCfg = Debug|Any CPU
		{C6F142E5-6698-4805-98B1-E32D97A049E8}.Debug|Any CPU.Build.0 = Debug|Any CPU
		{C6F142E5-6698-4805-98B1-E32D97A049E8}.Release|Any CPU.ActiveCfg = Release|Any CPU
		{C6F142E5-6698-4805-98B1-E32D97A049E8}.Release|Any CPU.Build.0 = Release|Any CPU
		{FAA9ED72-D9FA-4B49-BFEC-D2A62F5B4414}.Debug|Any CPU.ActiveCfg = Debug|Any CPU
		{FAA9ED72-D9FA-4B49-BFEC-D2A62F5B4414}.Debug|Any CPU.Build.0 = Debug|Any CPU
		{FAA9ED72-D9FA-4B49-BFEC-D2A62F5B4414}.Release|Any CPU.ActiveCfg = Release|Any CPU
		{FAA9ED72-D9FA-4B49-BFEC-D2A62F5B4414}.Release|Any CPU.Build.0 = Release|Any CPU
		{C1C7F7F1-4880-461D-ADBE-8C4322B613FE}.Debug|Any CPU.ActiveCfg = Debug|Any CPU
		{C1C7F7F1-4880-461D-ADBE-8C4322B613FE}.Debug|Any CPU.Build.0 = Debug|Any CPU
		{C1C7F7F1-4880-461D-ADBE-8C4322B613FE}.Release|Any CPU.ActiveCfg = Release|Any CPU
		{C1C7F7F1-4880-461D-ADBE-8C4322B613FE}.Release|Any CPU.Build.0 = Release|Any CPU
		{9D800ED0-248C-46BF-80D4-165CDDD0305D}.Debug|Any CPU.ActiveCfg = Debug|Any CPU
		{9D800ED0-248C-46BF-80D4-165CDDD0305D}.Debug|Any CPU.Build.0 = Debug|Any CPU
		{9D800ED0-248C-46BF-80D4-165CDDD0305D}.Release|Any CPU.ActiveCfg = Release|Any CPU
		{9D800ED0-248C-46BF-80D4-165CDDD0305D}.Release|Any CPU.Build.0 = Release|Any CPU
		{C8813A12-DA5D-462E-886F-2EEF5E54CF64}.Debug|Any CPU.ActiveCfg = Debug|Any CPU
		{C8813A12-DA5D-462E-886F-2EEF5E54CF64}.Debug|Any CPU.Build.0 = Debug|Any CPU
		{C8813A12-DA5D-462E-886F-2EEF5E54CF64}.Release|Any CPU.ActiveCfg = Release|Any CPU
		{C8813A12-DA5D-462E-886F-2EEF5E54CF64}.Release|Any CPU.Build.0 = Release|Any CPU
		{692E0061-D6A7-408E-824B-8956E33DB70E}.Debug|Any CPU.ActiveCfg = Debug|Any CPU
		{692E0061-D6A7-408E-824B-8956E33DB70E}.Debug|Any CPU.Build.0 = Debug|Any CPU
		{692E0061-D6A7-408E-824B-8956E33DB70E}.Release|Any CPU.ActiveCfg = Release|Any CPU
		{692E0061-D6A7-408E-824B-8956E33DB70E}.Release|Any CPU.Build.0 = Release|Any CPU
		{20CC13D1-CF84-4ABF-9599-032C448BC81B}.Debug|Any CPU.ActiveCfg = Debug|Any CPU
		{20CC13D1-CF84-4ABF-9599-032C448BC81B}.Debug|Any CPU.Build.0 = Debug|Any CPU
		{20CC13D1-CF84-4ABF-9599-032C448BC81B}.Release|Any CPU.ActiveCfg = Release|Any CPU
		{20CC13D1-CF84-4ABF-9599-032C448BC81B}.Release|Any CPU.Build.0 = Release|Any CPU
		{23BFF0F0-A371-4C45-9237-FFC6883B400F}.Debug|Any CPU.ActiveCfg = Debug|Any CPU
		{23BFF0F0-A371-4C45-9237-FFC6883B400F}.Debug|Any CPU.Build.0 = Debug|Any CPU
		{23BFF0F0-A371-4C45-9237-FFC6883B400F}.Release|Any CPU.ActiveCfg = Release|Any CPU
		{23BFF0F0-A371-4C45-9237-FFC6883B400F}.Release|Any CPU.Build.0 = Release|Any CPU
		{0DF207E9-C13D-45AF-99FC-FC4A79E4B029}.Debug|Any CPU.ActiveCfg = Debug|Any CPU
		{0DF207E9-C13D-45AF-99FC-FC4A79E4B029}.Debug|Any CPU.Build.0 = Debug|Any CPU
		{0DF207E9-C13D-45AF-99FC-FC4A79E4B029}.Release|Any CPU.ActiveCfg = Release|Any CPU
		{0DF207E9-C13D-45AF-99FC-FC4A79E4B029}.Release|Any CPU.Build.0 = Release|Any CPU
		{8894F5F5-D4E5-4180-B50A-05FF92DACD12}.Debug|Any CPU.ActiveCfg = Debug|Any CPU
		{8894F5F5-D4E5-4180-B50A-05FF92DACD12}.Debug|Any CPU.Build.0 = Debug|Any CPU
		{8894F5F5-D4E5-4180-B50A-05FF92DACD12}.Release|Any CPU.ActiveCfg = Release|Any CPU
		{8894F5F5-D4E5-4180-B50A-05FF92DACD12}.Release|Any CPU.Build.0 = Release|Any CPU
		{7252335C-8223-4A87-9673-79887C13E2FF}.Debug|Any CPU.ActiveCfg = Debug|Any CPU
		{7252335C-8223-4A87-9673-79887C13E2FF}.Debug|Any CPU.Build.0 = Debug|Any CPU
		{7252335C-8223-4A87-9673-79887C13E2FF}.Release|Any CPU.ActiveCfg = Release|Any CPU
		{7252335C-8223-4A87-9673-79887C13E2FF}.Release|Any CPU.Build.0 = Release|Any CPU
		{70554667-6CB2-4699-A664-3CA8D6DC30C6}.Debug|Any CPU.ActiveCfg = Debug|Any CPU
		{70554667-6CB2-4699-A664-3CA8D6DC30C6}.Debug|Any CPU.Build.0 = Debug|Any CPU
		{70554667-6CB2-4699-A664-3CA8D6DC30C6}.Release|Any CPU.ActiveCfg = Release|Any CPU
		{70554667-6CB2-4699-A664-3CA8D6DC30C6}.Release|Any CPU.Build.0 = Release|Any CPU
		{FD5AB844-F9DD-4020-BD91-BF043D72958A}.Debug|Any CPU.ActiveCfg = Debug|Any CPU
		{FD5AB844-F9DD-4020-BD91-BF043D72958A}.Debug|Any CPU.Build.0 = Debug|Any CPU
		{FD5AB844-F9DD-4020-BD91-BF043D72958A}.Release|Any CPU.ActiveCfg = Release|Any CPU
		{FD5AB844-F9DD-4020-BD91-BF043D72958A}.Release|Any CPU.Build.0 = Release|Any CPU
		{D52D6880-4A46-4826-93B9-74358532C7EE}.Debug|Any CPU.ActiveCfg = Debug|Any CPU
		{D52D6880-4A46-4826-93B9-74358532C7EE}.Debug|Any CPU.Build.0 = Debug|Any CPU
		{D52D6880-4A46-4826-93B9-74358532C7EE}.Release|Any CPU.ActiveCfg = Release|Any CPU
		{D52D6880-4A46-4826-93B9-74358532C7EE}.Release|Any CPU.Build.0 = Release|Any CPU
		{E81B09CA-D935-4A07-9D1E-484C04693B92}.Debug|Any CPU.ActiveCfg = Debug|Any CPU
		{E81B09CA-D935-4A07-9D1E-484C04693B92}.Debug|Any CPU.Build.0 = Debug|Any CPU
		{E81B09CA-D935-4A07-9D1E-484C04693B92}.Release|Any CPU.ActiveCfg = Release|Any CPU
		{E81B09CA-D935-4A07-9D1E-484C04693B92}.Release|Any CPU.Build.0 = Release|Any CPU
		{25F0A74F-C03F-433A-AEE1-E7CFFC2DACAA}.Debug|Any CPU.ActiveCfg = Debug|Any CPU
		{25F0A74F-C03F-433A-AEE1-E7CFFC2DACAA}.Debug|Any CPU.Build.0 = Debug|Any CPU
		{25F0A74F-C03F-433A-AEE1-E7CFFC2DACAA}.Release|Any CPU.ActiveCfg = Release|Any CPU
		{25F0A74F-C03F-433A-AEE1-E7CFFC2DACAA}.Release|Any CPU.Build.0 = Release|Any CPU
		{0FC8785F-A8AC-46CD-A7DF-DBFD7AF6209A}.Debug|Any CPU.ActiveCfg = Debug|Any CPU
		{0FC8785F-A8AC-46CD-A7DF-DBFD7AF6209A}.Debug|Any CPU.Build.0 = Debug|Any CPU
		{0FC8785F-A8AC-46CD-A7DF-DBFD7AF6209A}.Release|Any CPU.ActiveCfg = Release|Any CPU
		{0FC8785F-A8AC-46CD-A7DF-DBFD7AF6209A}.Release|Any CPU.Build.0 = Release|Any CPU
		{00C2755A-5CAA-4ED3-B435-4D082B34CCE5}.Debug|Any CPU.ActiveCfg = Debug|Any CPU
		{00C2755A-5CAA-4ED3-B435-4D082B34CCE5}.Debug|Any CPU.Build.0 = Debug|Any CPU
		{00C2755A-5CAA-4ED3-B435-4D082B34CCE5}.Release|Any CPU.ActiveCfg = Release|Any CPU
		{00C2755A-5CAA-4ED3-B435-4D082B34CCE5}.Release|Any CPU.Build.0 = Release|Any CPU
		{F69690D1-414B-498A-8F69-C4BB878C1990}.Debug|Any CPU.ActiveCfg = Debug|Any CPU
		{F69690D1-414B-498A-8F69-C4BB878C1990}.Debug|Any CPU.Build.0 = Debug|Any CPU
		{F69690D1-414B-498A-8F69-C4BB878C1990}.Release|Any CPU.ActiveCfg = Release|Any CPU
		{F69690D1-414B-498A-8F69-C4BB878C1990}.Release|Any CPU.Build.0 = Release|Any CPU
		{A26CB951-6324-4A1A-B6E0-7A8D1974041D}.Debug|Any CPU.ActiveCfg = Debug|Any CPU
		{A26CB951-6324-4A1A-B6E0-7A8D1974041D}.Debug|Any CPU.Build.0 = Debug|Any CPU
		{A26CB951-6324-4A1A-B6E0-7A8D1974041D}.Release|Any CPU.ActiveCfg = Release|Any CPU
		{A26CB951-6324-4A1A-B6E0-7A8D1974041D}.Release|Any CPU.Build.0 = Release|Any CPU
		{8EB0DB3B-4F23-4342-AE22-CD1E3907C57D}.Debug|Any CPU.ActiveCfg = Debug|Any CPU
		{8EB0DB3B-4F23-4342-AE22-CD1E3907C57D}.Debug|Any CPU.Build.0 = Debug|Any CPU
		{8EB0DB3B-4F23-4342-AE22-CD1E3907C57D}.Release|Any CPU.ActiveCfg = Release|Any CPU
		{8EB0DB3B-4F23-4342-AE22-CD1E3907C57D}.Release|Any CPU.Build.0 = Release|Any CPU
		{5A4F7BAB-1846-4761-BCFC-467A31E7D0FD}.Debug|Any CPU.ActiveCfg = Debug|Any CPU
		{5A4F7BAB-1846-4761-BCFC-467A31E7D0FD}.Debug|Any CPU.Build.0 = Debug|Any CPU
		{5A4F7BAB-1846-4761-BCFC-467A31E7D0FD}.Release|Any CPU.ActiveCfg = Release|Any CPU
		{5A4F7BAB-1846-4761-BCFC-467A31E7D0FD}.Release|Any CPU.Build.0 = Release|Any CPU
		{A77F6458-806D-4F25-9C01-98C597749045}.Debug|Any CPU.ActiveCfg = Debug|Any CPU
		{A77F6458-806D-4F25-9C01-98C597749045}.Debug|Any CPU.Build.0 = Debug|Any CPU
		{A77F6458-806D-4F25-9C01-98C597749045}.Release|Any CPU.ActiveCfg = Release|Any CPU
		{A77F6458-806D-4F25-9C01-98C597749045}.Release|Any CPU.Build.0 = Release|Any CPU
		{7B919386-6961-41F7-99D7-04870E0BCBC7}.Debug|Any CPU.ActiveCfg = Debug|Any CPU
		{7B919386-6961-41F7-99D7-04870E0BCBC7}.Debug|Any CPU.Build.0 = Debug|Any CPU
		{7B919386-6961-41F7-99D7-04870E0BCBC7}.Release|Any CPU.ActiveCfg = Release|Any CPU
		{7B919386-6961-41F7-99D7-04870E0BCBC7}.Release|Any CPU.Build.0 = Release|Any CPU
		{4C28B561-C461-48CD-A391-66FA04040F2C}.Debug|Any CPU.ActiveCfg = Debug|Any CPU
		{4C28B561-C461-48CD-A391-66FA04040F2C}.Debug|Any CPU.Build.0 = Debug|Any CPU
		{4C28B561-C461-48CD-A391-66FA04040F2C}.Release|Any CPU.ActiveCfg = Release|Any CPU
		{4C28B561-C461-48CD-A391-66FA04040F2C}.Release|Any CPU.Build.0 = Release|Any CPU
		{825720FB-B62A-4C49-A786-D9220B522167}.Debug|Any CPU.ActiveCfg = Debug|Any CPU
		{825720FB-B62A-4C49-A786-D9220B522167}.Debug|Any CPU.Build.0 = Debug|Any CPU
		{825720FB-B62A-4C49-A786-D9220B522167}.Release|Any CPU.ActiveCfg = Release|Any CPU
		{825720FB-B62A-4C49-A786-D9220B522167}.Release|Any CPU.Build.0 = Release|Any CPU
		{4512124D-31B8-4D1B-BD38-9788AD92DBF5}.Debug|Any CPU.ActiveCfg = Debug|Any CPU
		{4512124D-31B8-4D1B-BD38-9788AD92DBF5}.Debug|Any CPU.Build.0 = Debug|Any CPU
		{4512124D-31B8-4D1B-BD38-9788AD92DBF5}.Release|Any CPU.ActiveCfg = Release|Any CPU
		{4512124D-31B8-4D1B-BD38-9788AD92DBF5}.Release|Any CPU.Build.0 = Release|Any CPU
		{BF5D4A1B-AC11-4FA1-A0E5-3AB6569107DD}.Debug|Any CPU.ActiveCfg = Debug|Any CPU
		{BF5D4A1B-AC11-4FA1-A0E5-3AB6569107DD}.Debug|Any CPU.Build.0 = Debug|Any CPU
		{BF5D4A1B-AC11-4FA1-A0E5-3AB6569107DD}.Release|Any CPU.ActiveCfg = Release|Any CPU
		{BF5D4A1B-AC11-4FA1-A0E5-3AB6569107DD}.Release|Any CPU.Build.0 = Release|Any CPU
		{3BB063AF-4833-4907-85C9-D022AF905966}.Debug|Any CPU.ActiveCfg = Debug|Any CPU
		{3BB063AF-4833-4907-85C9-D022AF905966}.Debug|Any CPU.Build.0 = Debug|Any CPU
		{3BB063AF-4833-4907-85C9-D022AF905966}.Release|Any CPU.ActiveCfg = Release|Any CPU
		{3BB063AF-4833-4907-85C9-D022AF905966}.Release|Any CPU.Build.0 = Release|Any CPU
		{D143091D-CE87-4130-9AB5-1D7C5461C02B}.Debug|Any CPU.ActiveCfg = Debug|Any CPU
		{D143091D-CE87-4130-9AB5-1D7C5461C02B}.Debug|Any CPU.Build.0 = Debug|Any CPU
		{D143091D-CE87-4130-9AB5-1D7C5461C02B}.Release|Any CPU.ActiveCfg = Release|Any CPU
		{D143091D-CE87-4130-9AB5-1D7C5461C02B}.Release|Any CPU.Build.0 = Release|Any CPU
		{E7CF36BE-1C15-4A48-96A1-430AA5B1FDFC}.Debug|Any CPU.ActiveCfg = Debug|Any CPU
		{E7CF36BE-1C15-4A48-96A1-430AA5B1FDFC}.Debug|Any CPU.Build.0 = Debug|Any CPU
		{E7CF36BE-1C15-4A48-96A1-430AA5B1FDFC}.Release|Any CPU.ActiveCfg = Release|Any CPU
		{E7CF36BE-1C15-4A48-96A1-430AA5B1FDFC}.Release|Any CPU.Build.0 = Release|Any CPU
		{C9751670-B61F-4CCF-A3EC-B9A704FC92D5}.Debug|Any CPU.ActiveCfg = Debug|Any CPU
		{C9751670-B61F-4CCF-A3EC-B9A704FC92D5}.Debug|Any CPU.Build.0 = Debug|Any CPU
		{C9751670-B61F-4CCF-A3EC-B9A704FC92D5}.Release|Any CPU.ActiveCfg = Release|Any CPU
		{C9751670-B61F-4CCF-A3EC-B9A704FC92D5}.Release|Any CPU.Build.0 = Release|Any CPU
		{7D15DED8-700C-4A98-802F-F827C7D0C3C8}.Debug|Any CPU.ActiveCfg = Debug|Any CPU
		{7D15DED8-700C-4A98-802F-F827C7D0C3C8}.Debug|Any CPU.Build.0 = Debug|Any CPU
		{7D15DED8-700C-4A98-802F-F827C7D0C3C8}.Release|Any CPU.ActiveCfg = Release|Any CPU
		{7D15DED8-700C-4A98-802F-F827C7D0C3C8}.Release|Any CPU.Build.0 = Release|Any CPU
		{37F4A85C-F83B-458B-9F47-9D9C4206E9E1}.Debug|Any CPU.ActiveCfg = Debug|Any CPU
		{37F4A85C-F83B-458B-9F47-9D9C4206E9E1}.Debug|Any CPU.Build.0 = Debug|Any CPU
		{37F4A85C-F83B-458B-9F47-9D9C4206E9E1}.Release|Any CPU.ActiveCfg = Release|Any CPU
		{37F4A85C-F83B-458B-9F47-9D9C4206E9E1}.Release|Any CPU.Build.0 = Release|Any CPU
		{89D7B02E-0D40-4925-8271-E8D39A22E8CF}.Debug|Any CPU.ActiveCfg = Debug|Any CPU
		{89D7B02E-0D40-4925-8271-E8D39A22E8CF}.Debug|Any CPU.Build.0 = Debug|Any CPU
		{89D7B02E-0D40-4925-8271-E8D39A22E8CF}.Release|Any CPU.ActiveCfg = Release|Any CPU
		{89D7B02E-0D40-4925-8271-E8D39A22E8CF}.Release|Any CPU.Build.0 = Release|Any CPU
		{0C9BA73B-C595-4B3A-B426-A1901657FC0E}.Debug|Any CPU.ActiveCfg = Debug|Any CPU
		{0C9BA73B-C595-4B3A-B426-A1901657FC0E}.Debug|Any CPU.Build.0 = Debug|Any CPU
		{0C9BA73B-C595-4B3A-B426-A1901657FC0E}.Release|Any CPU.ActiveCfg = Release|Any CPU
		{0C9BA73B-C595-4B3A-B426-A1901657FC0E}.Release|Any CPU.Build.0 = Release|Any CPU
		{755E87C6-F2B4-4112-8D5E-795388AF9A57}.Debug|Any CPU.ActiveCfg = Debug|Any CPU
		{755E87C6-F2B4-4112-8D5E-795388AF9A57}.Debug|Any CPU.Build.0 = Debug|Any CPU
		{755E87C6-F2B4-4112-8D5E-795388AF9A57}.Release|Any CPU.ActiveCfg = Release|Any CPU
		{755E87C6-F2B4-4112-8D5E-795388AF9A57}.Release|Any CPU.Build.0 = Release|Any CPU
		{4D1FF93C-D969-41C7-9B08-CD1A8727760F}.Debug|Any CPU.ActiveCfg = Debug|Any CPU
		{4D1FF93C-D969-41C7-9B08-CD1A8727760F}.Debug|Any CPU.Build.0 = Debug|Any CPU
		{4D1FF93C-D969-41C7-9B08-CD1A8727760F}.Release|Any CPU.ActiveCfg = Release|Any CPU
		{4D1FF93C-D969-41C7-9B08-CD1A8727760F}.Release|Any CPU.Build.0 = Release|Any CPU
		{F073A4B1-4945-4550-9D47-5E502F9922AF}.Debug|Any CPU.ActiveCfg = Debug|Any CPU
		{F073A4B1-4945-4550-9D47-5E502F9922AF}.Debug|Any CPU.Build.0 = Debug|Any CPU
		{F073A4B1-4945-4550-9D47-5E502F9922AF}.Release|Any CPU.ActiveCfg = Release|Any CPU
		{F073A4B1-4945-4550-9D47-5E502F9922AF}.Release|Any CPU.Build.0 = Release|Any CPU
		{4B2BBD23-22A0-4F71-B570-C5D8B6746EA7}.Debug|Any CPU.ActiveCfg = Debug|Any CPU
		{4B2BBD23-22A0-4F71-B570-C5D8B6746EA7}.Debug|Any CPU.Build.0 = Debug|Any CPU
		{4B2BBD23-22A0-4F71-B570-C5D8B6746EA7}.Release|Any CPU.ActiveCfg = Release|Any CPU
		{4B2BBD23-22A0-4F71-B570-C5D8B6746EA7}.Release|Any CPU.Build.0 = Release|Any CPU
		{7B4E5FD3-3025-4971-BDF0-34B8DC0A4C7D}.Debug|Any CPU.ActiveCfg = Debug|Any CPU
		{7B4E5FD3-3025-4971-BDF0-34B8DC0A4C7D}.Debug|Any CPU.Build.0 = Debug|Any CPU
		{7B4E5FD3-3025-4971-BDF0-34B8DC0A4C7D}.Release|Any CPU.ActiveCfg = Release|Any CPU
		{7B4E5FD3-3025-4971-BDF0-34B8DC0A4C7D}.Release|Any CPU.Build.0 = Release|Any CPU
		{BAD8DF3D-BC22-4319-AE8F-D38E56C3B45A}.Debug|Any CPU.ActiveCfg = Debug|Any CPU
		{BAD8DF3D-BC22-4319-AE8F-D38E56C3B45A}.Debug|Any CPU.Build.0 = Debug|Any CPU
		{BAD8DF3D-BC22-4319-AE8F-D38E56C3B45A}.Release|Any CPU.ActiveCfg = Release|Any CPU
		{BAD8DF3D-BC22-4319-AE8F-D38E56C3B45A}.Release|Any CPU.Build.0 = Release|Any CPU
		{33386B0F-24C2-40B8-B7D4-0F4EF19D85EE}.Debug|Any CPU.ActiveCfg = Debug|Any CPU
		{33386B0F-24C2-40B8-B7D4-0F4EF19D85EE}.Debug|Any CPU.Build.0 = Debug|Any CPU
		{33386B0F-24C2-40B8-B7D4-0F4EF19D85EE}.Release|Any CPU.ActiveCfg = Release|Any CPU
		{33386B0F-24C2-40B8-B7D4-0F4EF19D85EE}.Release|Any CPU.Build.0 = Release|Any CPU
		{6FA5611A-265F-43A4-B0D4-286E76658E8F}.Debug|Any CPU.ActiveCfg = Debug|Any CPU
		{6FA5611A-265F-43A4-B0D4-286E76658E8F}.Debug|Any CPU.Build.0 = Debug|Any CPU
		{6FA5611A-265F-43A4-B0D4-286E76658E8F}.Release|Any CPU.ActiveCfg = Release|Any CPU
		{6FA5611A-265F-43A4-B0D4-286E76658E8F}.Release|Any CPU.Build.0 = Release|Any CPU
		{59290A4F-0FB4-4666-B6FE-AB98EB91B5AA}.Debug|Any CPU.ActiveCfg = Debug|Any CPU
		{59290A4F-0FB4-4666-B6FE-AB98EB91B5AA}.Debug|Any CPU.Build.0 = Debug|Any CPU
		{59290A4F-0FB4-4666-B6FE-AB98EB91B5AA}.Release|Any CPU.ActiveCfg = Release|Any CPU
		{59290A4F-0FB4-4666-B6FE-AB98EB91B5AA}.Release|Any CPU.Build.0 = Release|Any CPU
		{4A98FB49-FEBC-43CA-9AF0-EB1A12FCD0A8}.Debug|Any CPU.ActiveCfg = Debug|Any CPU
		{4A98FB49-FEBC-43CA-9AF0-EB1A12FCD0A8}.Debug|Any CPU.Build.0 = Debug|Any CPU
		{4A98FB49-FEBC-43CA-9AF0-EB1A12FCD0A8}.Release|Any CPU.ActiveCfg = Release|Any CPU
		{4A98FB49-FEBC-43CA-9AF0-EB1A12FCD0A8}.Release|Any CPU.Build.0 = Release|Any CPU
		{4552F737-F482-4FAF-89F2-4F7E889C18C1}.Debug|Any CPU.ActiveCfg = Debug|Any CPU
		{4552F737-F482-4FAF-89F2-4F7E889C18C1}.Debug|Any CPU.Build.0 = Debug|Any CPU
		{4552F737-F482-4FAF-89F2-4F7E889C18C1}.Release|Any CPU.ActiveCfg = Release|Any CPU
		{4552F737-F482-4FAF-89F2-4F7E889C18C1}.Release|Any CPU.Build.0 = Release|Any CPU
		{E00B074E-F307-420A-B8FE-A890F9DBBC1A}.Debug|Any CPU.ActiveCfg = Debug|Any CPU
		{E00B074E-F307-420A-B8FE-A890F9DBBC1A}.Debug|Any CPU.Build.0 = Debug|Any CPU
		{E00B074E-F307-420A-B8FE-A890F9DBBC1A}.Release|Any CPU.ActiveCfg = Release|Any CPU
		{E00B074E-F307-420A-B8FE-A890F9DBBC1A}.Release|Any CPU.Build.0 = Release|Any CPU
		{E6D6C9D0-DA1A-49B8-8154-8B8561B891A4}.Debug|Any CPU.ActiveCfg = Debug|Any CPU
		{E6D6C9D0-DA1A-49B8-8154-8B8561B891A4}.Debug|Any CPU.Build.0 = Debug|Any CPU
		{E6D6C9D0-DA1A-49B8-8154-8B8561B891A4}.Release|Any CPU.ActiveCfg = Release|Any CPU
		{E6D6C9D0-DA1A-49B8-8154-8B8561B891A4}.Release|Any CPU.Build.0 = Release|Any CPU
		{1A44A201-D549-4891-9282-EFD3398AE853}.Debug|Any CPU.ActiveCfg = Debug|Any CPU
		{1A44A201-D549-4891-9282-EFD3398AE853}.Debug|Any CPU.Build.0 = Debug|Any CPU
		{1A44A201-D549-4891-9282-EFD3398AE853}.Release|Any CPU.ActiveCfg = Release|Any CPU
		{1A44A201-D549-4891-9282-EFD3398AE853}.Release|Any CPU.Build.0 = Release|Any CPU
		{0B1DE5F4-CBE5-4A25-92BD-371BB662F11D}.Debug|Any CPU.ActiveCfg = Debug|Any CPU
		{0B1DE5F4-CBE5-4A25-92BD-371BB662F11D}.Debug|Any CPU.Build.0 = Debug|Any CPU
		{0B1DE5F4-CBE5-4A25-92BD-371BB662F11D}.Release|Any CPU.ActiveCfg = Release|Any CPU
		{0B1DE5F4-CBE5-4A25-92BD-371BB662F11D}.Release|Any CPU.Build.0 = Release|Any CPU
	EndGlobalSection
	GlobalSection(SolutionProperties) = preSolution
		HideSolutionNode = FALSE
	EndGlobalSection
	GlobalSection(ExtensibilityGlobals) = postSolution
		SolutionGuid = {8EF4517F-8247-4B4E-93EE-45C8290C2ECE}
	EndGlobalSection
EndGlobal
